{
  "nodes": {
    "agenix": {
      "inputs": {
        "darwin": "darwin",
        "home-manager": [
          "home-manager"
        ],
        "nixpkgs": [
          "nixpkgs"
        ],
        "systems": [
          "systems"
        ]
      },
      "locked": {
        "lastModified": 1762618334,
        "narHash": "sha256-wyT7Pl6tMFbFrs8Lk/TlEs81N6L+VSybPfiIgzU8lbQ=",
        "owner": "ryantm",
        "repo": "agenix",
        "rev": "fcdea223397448d35d9b31f798479227e80183f6",
        "type": "github"
      },
      "original": {
        "owner": "ryantm",
        "repo": "agenix",
        "type": "github"
      }
    },
    "anyrun": {
      "inputs": {
        "flake-parts": [
          "flake-parts"
        ],
        "nixpkgs": [
          "nixpkgs"
        ],
        "systems": [
          "systems"
        ]
      },
      "locked": {
        "lastModified": 1731186561,
        "narHash": "sha256-+jwC6oo7yx40SowZW4SCpTlYS+e0mPKmIuXvsBFNw3g=",
        "owner": "fufexan",
        "repo": "anyrun",
        "rev": "3bc08db41dec30cd4278597c1c4bd7cf66b15fe0",
        "type": "github"
      },
      "original": {
        "owner": "fufexan",
        "ref": "launch-prefix",
        "repo": "anyrun",
        "type": "github"
      }
    },
    "catppuccin": {
      "inputs": {
        "nixpkgs": [
          "nixpkgs"
        ]
      },
      "locked": {
        "lastModified": 1765990358,
        "narHash": "sha256-l8x0gU8mnYaGMl+gWrsSHKBJlZWD8KXJfHTkRlFiPI0=",
        "owner": "catppuccin",
        "repo": "nix",
        "rev": "de1b60ca45a578f59f7d84c8d338b346017b2161",
        "type": "github"
      },
      "original": {
        "owner": "catppuccin",
        "repo": "nix",
        "type": "github"
      }
    },
    "catppuccin-gtk": {
      "inputs": {
        "nixpkgs": [
          "nixpkgs"
        ]
      },
      "locked": {
        "lastModified": 1737579274,
        "narHash": "sha256-8kBIYfn8TI9jbffhDNS12SdbQHb9ITXflwcgIJBeGqw=",
        "owner": "catppuccin",
        "repo": "nix",
        "rev": "06f0ea19334bcc8112e6d671fd53e61f9e3ad63a",
        "type": "github"
      },
      "original": {
        "owner": "catppuccin",
        "repo": "nix",
        "rev": "06f0ea19334bcc8112e6d671fd53e61f9e3ad63a",
        "type": "github"
      }
    },
    "copyparty": {
      "inputs": {
        "flake-utils": "flake-utils",
        "nixpkgs": [
          "nixpkgs"
        ]
      },
      "locked": {
        "lastModified": 1767317991,
        "narHash": "sha256-NUqvf0IUEUaRvzw/v3E9qQ4247x1IlroWLh7iH/JjB4=",
        "owner": "9001",
        "repo": "copyparty",
        "rev": "5b89a2e3b20fb14e09e8ebfb583c1ed4c42ec385",
        "type": "github"
      },
      "original": {
        "owner": "9001",
        "repo": "copyparty",
        "type": "github"
      }
    },
    "darwin": {
      "inputs": {
        "nixpkgs": [
          "agenix",
          "nixpkgs"
        ]
      },
      "locked": {
        "lastModified": 1744478979,
        "narHash": "sha256-dyN+teG9G82G+m+PX/aSAagkC+vUv0SgUw3XkPhQodQ=",
        "owner": "lnl7",
        "repo": "nix-darwin",
        "rev": "43975d782b418ebf4969e9ccba82466728c2851b",
        "type": "github"
      },
      "original": {
        "owner": "lnl7",
        "ref": "master",
        "repo": "nix-darwin",
        "type": "github"
      }
    },
    "disko": {
      "inputs": {
        "nixpkgs": [
          "nixpkgs"
        ]
      },
      "locked": {
        "lastModified": 1766150702,
        "narHash": "sha256-P0kM+5o+DKnB6raXgFEk3azw8Wqg5FL6wyl9jD+G5a4=",
        "owner": "nix-community",
        "repo": "disko",
        "rev": "916506443ecd0d0b4a0f4cf9d40a3c22ce39b378",
        "type": "github"
      },
      "original": {
        "owner": "nix-community",
        "repo": "disko",
        "type": "github"
      }
    },
    "flake-compat": {
      "flake": false,
      "locked": {
        "lastModified": 1747046372,
        "narHash": "sha256-CIVLLkVgvHYbgI2UpXvIIBJ12HWgX+fjA8Xf8PUmqCY=",
        "owner": "edolstra",
        "repo": "flake-compat",
        "rev": "9100a0f413b0c601e0533d1d94ffd501ce2e7885",
        "type": "github"
      },
      "original": {
        "owner": "edolstra",
        "repo": "flake-compat",
        "type": "github"
      }
    },
    "flake-compat_2": {
      "locked": {
        "lastModified": 1733328505,
        "narHash": "sha256-NeCCThCEP3eCl2l/+27kNNK7QrwZB1IJCrXfrbv5oqU=",
        "rev": "ff81ac966bb2cae68946d5ed5fc4994f96d0ffec",
        "revCount": 69,
        "type": "tarball",
        "url": "https://api.flakehub.com/f/pinned/edolstra/flake-compat/1.1.0/01948eb7-9cba-704f-bbf3-3fa956735b52/source.tar.gz"
      },
      "original": {
        "type": "tarball",
        "url": "https://flakehub.com/f/edolstra/flake-compat/1.tar.gz"
      }
    },
    "flake-parts": {
      "inputs": {
        "nixpkgs-lib": [
          "nixpkgs"
        ]
      },
      "locked": {
        "lastModified": 1765835352,
        "narHash": "sha256-XswHlK/Qtjasvhd1nOa1e8MgZ8GS//jBoTqWtrS1Giw=",
        "owner": "hercules-ci",
        "repo": "flake-parts",
        "rev": "a34fae9c08a15ad73f295041fec82323541400a9",
        "type": "github"
      },
      "original": {
        "owner": "hercules-ci",
        "repo": "flake-parts",
        "type": "github"
      }
    },
    "flake-utils": {
      "locked": {
        "lastModified": 1678901627,
        "narHash": "sha256-U02riOqrKKzwjsxc/400XnElV+UtPUQWpANPlyazjH0=",
        "owner": "numtide",
        "repo": "flake-utils",
        "rev": "93a2b84fc4b70d9e089d029deacc3583435c2ed6",
        "type": "github"
      },
      "original": {
        "owner": "numtide",
        "repo": "flake-utils",
        "type": "github"
      }
    },
    "flake-utils_2": {
      "inputs": {
        "systems": "systems"
      },
      "locked": {
        "lastModified": 1731533236,
        "narHash": "sha256-l0KFg5HjrsfsO/JpG+r7fRrqm12kzFHyUHqHCVpMMbI=",
        "owner": "numtide",
        "repo": "flake-utils",
        "rev": "11707dc2f618dd54ca8739b309ec4fc024de578b",
        "type": "github"
      },
      "original": {
        "owner": "numtide",
        "repo": "flake-utils",
        "type": "github"
      }
    },
    "flake-utils_3": {
      "inputs": {
        "systems": [
          "nixpkgs-xr",
          "systems"
        ]
      },
      "locked": {
        "lastModified": 1731533236,
        "narHash": "sha256-l0KFg5HjrsfsO/JpG+r7fRrqm12kzFHyUHqHCVpMMbI=",
        "owner": "numtide",
        "repo": "flake-utils",
        "rev": "11707dc2f618dd54ca8739b309ec4fc024de578b",
        "type": "github"
      },
      "original": {
        "owner": "numtide",
        "repo": "flake-utils",
        "type": "github"
      }
    },
    "hexecute": {
      "inputs": {
        "nixpkgs": [
          "nixpkgs"
        ]
      },
      "locked": {
        "lastModified": 1765826167,
        "narHash": "sha256-iXQzLgZYzzD6b82Oa1nLvQKvUHrdOWgJi3awhW5YWrk=",
        "owner": "ThatOtherAndrew",
        "repo": "Hexecute",
        "rev": "2105ee3f80a748bd4e270e8092fc12be4be927b6",
        "type": "github"
      },
      "original": {
        "owner": "ThatOtherAndrew",
        "repo": "Hexecute",
        "type": "github"
      }
    },
    "home-manager": {
      "inputs": {
        "nixpkgs": [
          "nixpkgs"
        ]
      },
      "locked": {
        "lastModified": 1767104570,
        "narHash": "sha256-GKgwu5//R+cLdKysZjGqvUEEOGXXLdt93sNXeb2M/Lk=",
        "owner": "nix-community",
        "repo": "home-manager",
        "rev": "e4e78a2cbeaddd07ab7238971b16468cc1d14daf",
        "type": "github"
      },
      "original": {
        "owner": "nix-community",
        "repo": "home-manager",
        "type": "github"
      }
    },
    "impermanence": {
      "inputs": {
        "home-manager": [
          "home-manager"
        ],
        "nixpkgs": [
          "nixpkgs"
        ]
      },
      "locked": {
        "lastModified": 1758373069,
        "narHash": "sha256-Xs31egErULAbSYdAPdoj/YCNH4+3B9l7D/V4ApewEw8=",
        "owner": "nix-community",
        "repo": "impermanence",
        "rev": "5274a00212a0437f9f1c1375d4437fc25aa57280",
        "type": "github"
      },
      "original": {
        "owner": "nix-community",
        "ref": "home-manager-v2",
        "repo": "impermanence",
        "type": "github"
      }
    },
    "import-tree": {
      "locked": {
        "lastModified": 1763762820,
        "narHash": "sha256-ZvYKbFib3AEwiNMLsejb/CWs/OL/srFQ8AogkebEPF0=",
        "owner": "vic",
        "repo": "import-tree",
        "rev": "3c23749d8013ec6daa1d7255057590e9ca726646",
        "type": "github"
      },
      "original": {
        "owner": "vic",
        "repo": "import-tree",
        "type": "github"
      }
    },
    "moonlight": {
      "inputs": {
        "nixpkgs": [
          "nixpkgs"
        ]
      },
      "locked": {
        "lastModified": 1765916709,
        "narHash": "sha256-qc4m7v8hGOMb9BVLuiQZAbgzHoKfVwEY7HUl9fsY/hE=",
        "owner": "moonlight-mod",
        "repo": "moonlight",
        "rev": "d0ad754cf0b9c5a34d7f69595f407c8199f988ce",
        "type": "github"
      },
      "original": {
        "owner": "moonlight-mod",
        "repo": "moonlight",
        "type": "github"
      }
    },
    "nix-index-database": {
      "inputs": {
        "nixpkgs": [
          "nixpkgs"
        ]
      },
      "locked": {
        "lastModified": 1765267181,
        "narHash": "sha256-d3NBA9zEtBu2JFMnTBqWj7Tmi7R5OikoU2ycrdhQEws=",
        "owner": "nix-community",
        "repo": "nix-index-database",
        "rev": "82befcf7dc77c909b0f2a09f5da910ec95c5b78f",
        "type": "github"
      },
      "original": {
        "owner": "nix-community",
        "repo": "nix-index-database",
        "type": "github"
      }
    },
    "nix-minecraft": {
      "inputs": {
        "flake-compat": "flake-compat",
        "flake-utils": "flake-utils_2",
        "nixpkgs": [
          "nixpkgs"
        ]
      },
      "locked": {
        "lastModified": 1767147099,
        "narHash": "sha256-395ehjdAtaqCbKmx+PhKAqnkYLvTtAzq2qzFG9qaGDw=",
        "owner": "Infinidoge",
        "repo": "nix-minecraft",
        "rev": "01f571579edd64433f97c4294137fbc366deef4b",
        "type": "github"
      },
      "original": {
        "owner": "Infinidoge",
        "repo": "nix-minecraft",
        "type": "github"
      }
    },
    "nix-vscode-extensions": {
      "inputs": {
        "nixpkgs": "nixpkgs"
      },
      "locked": {
        "lastModified": 1767319998,
        "narHash": "sha256-YXKjuWf/f6Smvv8qEmSSNpXIV+EXllglMZaMVuChT2Q=",
        "owner": "nix-community",
        "repo": "nix-vscode-extensions",
        "rev": "2a8c99844e9e65f6deeee8f1d7e8194998795b41",
        "type": "github"
      },
      "original": {
        "owner": "nix-community",
        "repo": "nix-vscode-extensions",
        "type": "github"
      }
    },
    "nixlib": {
      "locked": {
        "lastModified": 1736643958,
        "narHash": "sha256-tmpqTSWVRJVhpvfSN9KXBvKEXplrwKnSZNAoNPf/S/s=",
        "owner": "nix-community",
        "repo": "nixpkgs.lib",
        "rev": "1418bc28a52126761c02dd3d89b2d8ca0f521181",
        "type": "github"
      },
      "original": {
        "owner": "nix-community",
        "repo": "nixpkgs.lib",
        "type": "github"
      }
    },
    "nixos-generators": {
      "inputs": {
        "nixlib": "nixlib",
        "nixpkgs": [
          "nixpkgs"
        ]
      },
      "locked": {
        "lastModified": 1764234087,
        "narHash": "sha256-NHF7QWa0ZPT8hsJrvijREW3+nifmF2rTXgS2v0tpcEA=",
        "owner": "nix-community",
        "repo": "nixos-generators",
        "rev": "032a1878682fafe829edfcf5fdfad635a2efe748",
        "type": "github"
      },
      "original": {
        "owner": "nix-community",
        "repo": "nixos-generators",
        "type": "github"
      }
    },
    "nixos-hardware": {
      "locked": {
        "lastModified": 1767185284,
        "narHash": "sha256-ljDBUDpD1Cg5n3mJI81Hz5qeZAwCGxon4kQW3Ho3+6Q=",
        "owner": "nixos",
        "repo": "nixos-hardware",
        "rev": "40b1a28dce561bea34858287fbb23052c3ee63fe",
        "type": "github"
      },
      "original": {
        "owner": "nixos",
        "repo": "nixos-hardware",
        "type": "github"
      }
    },
    "nixpkgs": {
      "locked": {
        "lastModified": 1766025857,
        "narHash": "sha256-Lav5jJazCW4mdg1iHcROpuXqmM94BWJvabLFWaJVJp0=",
        "owner": "nixos",
        "repo": "nixpkgs",
        "rev": "def3da69945bbe338c373fddad5a1bb49cf199ce",
        "type": "github"
      },
      "original": {
        "owner": "nixos",
        "repo": "nixpkgs",
        "rev": "def3da69945bbe338c373fddad5a1bb49cf199ce",
        "type": "github"
      }
    },
    "nixpkgs-unfree": {
      "inputs": {
        "nixpkgs": [
          "wivrn-nixpkgs"
        ]
      },
      "locked": {
        "lastModified": 1755249704,
        "narHash": "sha256-J1mqsd/gqZ32G3YOzWk9sppLbXXLEpu37hrZfRcTtdg=",
        "owner": "numtide",
        "repo": "nixpkgs-unfree",
        "rev": "12d82a604d21a65df008bdb1515eecb96f9e55dc",
        "type": "github"
      },
      "original": {
        "owner": "numtide",
        "repo": "nixpkgs-unfree",
        "type": "github"
      }
    },
    "nixpkgs-xr": {
      "inputs": {
        "flake-compat": "flake-compat_2",
        "flake-utils": "flake-utils_3",
        "nixpkgs": [
          "nixpkgs"
        ],
        "nvfetcher": "nvfetcher",
        "systems": "systems_2",
        "treefmt-nix": [
          "treefmt-nix"
        ]
      },
      "locked": {
        "lastModified": 1767263805,
        "narHash": "sha256-ViRtloxgw4lNqzt7X5iLybskis06XuDlHRf3kX6qUqM=",
        "owner": "nix-community",
        "repo": "nixpkgs-xr",
        "rev": "4a2bfc965b31d62856104073a41a857337771e12",
        "type": "github"
      },
      "original": {
        "owner": "nix-community",
        "repo": "nixpkgs-xr",
        "type": "github"
      }
    },
    "nixpkgs_2": {
      "locked": {
        "lastModified": 1767116409,
        "narHash": "sha256-5vKw92l1GyTnjoLzEagJy5V5mDFck72LiQWZSOnSicw=",
        "owner": "flox",
        "repo": "nixpkgs",
        "rev": "cad22e7d996aea55ecab064e84834289143e44a0",
        "type": "github"
      },
      "original": {
        "owner": "flox",
        "ref": "unstable",
        "repo": "nixpkgs",
        "type": "github"
      }
    },
    "nur": {
      "inputs": {
        "flake-parts": [
          "flake-parts"
        ],
        "nixpkgs": [
          "nixpkgs"
        ]
      },
      "locked": {
        "lastModified": 1767328123,
        "narHash": "sha256-twLPO+amvTvTbRAv0eCkVeyP9YYpZqgUCRTEyEuz6jY=",
        "owner": "nix-community",
        "repo": "NUR",
        "rev": "c6b53612063502e43203d73b9eea305181213696",
        "type": "github"
      },
      "original": {
        "owner": "nix-community",
        "repo": "NUR",
        "type": "github"
      }
    },
    "nvfetcher": {
      "inputs": {
        "flake-compat": [
          "nixpkgs-xr",
          "flake-compat"
        ],
        "flake-utils": [
          "nixpkgs-xr",
          "flake-utils"
        ],
        "nixpkgs": [
          "nixpkgs-xr",
          "nixpkgs"
        ]
      },
      "locked": {
        "lastModified": 1766178214,
        "narHash": "sha256-tKDXreDwrRkdjvfot5fr1++ed6oOq3+/hW/Dj8WfTgs=",
        "owner": "Red-M",
        "repo": "nvfetcher",
        "rev": "a84b3ce67f1d7acd85b3aa2b9967ab91ed6e7a71",
        "type": "github"
      },
      "original": {
        "owner": "Red-M",
        "repo": "nvfetcher",
        "rev": "a84b3ce67f1d7acd85b3aa2b9967ab91ed6e7a71",
        "type": "github"
      }
    },
    "root": {
      "inputs": {
        "agenix": "agenix",
        "anyrun": "anyrun",
        "catppuccin": "catppuccin",
        "catppuccin-gtk": "catppuccin-gtk",
        "copyparty": "copyparty",
        "disko": "disko",
        "flake-parts": "flake-parts",
        "hexecute": "hexecute",
        "home-manager": "home-manager",
        "impermanence": "impermanence",
        "import-tree": "import-tree",
        "moonlight": "moonlight",
        "nix-index-database": "nix-index-database",
        "nix-minecraft": "nix-minecraft",
        "nix-vscode-extensions": "nix-vscode-extensions",
        "nixos-generators": "nixos-generators",
        "nixos-hardware": "nixos-hardware",
        "nixpkgs": "nixpkgs_2",
        "nixpkgs-unfree": "nixpkgs-unfree",
        "nixpkgs-xr": "nixpkgs-xr",
        "nur": "nur",
        "solarxr-cli": "solarxr-cli",
        "steam-config-nix": "steam-config-nix",
        "systems": "systems_3",
        "treefmt-nix": "treefmt-nix",
        "wivrn": "wivrn",
        "wivrn-nixpkgs": "wivrn-nixpkgs"
      }
    },
    "solarxr-cli": {
      "inputs": {
        "nixpkgs": [
          "wivrn",
          "nixpkgs"
        ],
        "systems": [
          "systems"
        ]
      },
      "locked": {
        "lastModified": 1762143936,
        "narHash": "sha256-gY076QFXdlVacBvxdtW4tP3asHsOgl63DRWLSeSVQA4=",
        "ref": "refs/heads/master",
        "rev": "b9c24e5863e0d8c7c475478ef7208d5114a20644",
        "revCount": 3,
        "submodules": true,
        "type": "git",
        "url": "https://github.com/notpeelz/solarxr-cli"
      },
      "original": {
        "submodules": true,
        "type": "git",
        "url": "https://github.com/notpeelz/solarxr-cli"
      }
    },
    "steam-config-nix": {
      "inputs": {
        "flake-parts": [
          "flake-parts"
        ],
        "nixpkgs": [
          "nixpkgs"
        ],
        "systems": [
          "systems"
        ]
      },
      "locked": {
        "lastModified": 1767321682,
        "narHash": "sha256-83uHdEVOXoJsNe4QKKzr6X89Kn0kfcLFf7TcT0SPehk=",
        "owner": "different-name",
        "repo": "steam-config-nix",
        "rev": "1294ede49b3aa1a9df3e19f41e19f19fbf2c69f1",
        "type": "github"
      },
      "original": {
        "owner": "different-name",
        "repo": "steam-config-nix",
        "type": "github"
      }
    },
    "systems": {
      "locked": {
        "lastModified": 1681028828,
        "narHash": "sha256-Vy1rq5AaRuLzOxct8nz4T6wlgyUR7zLU309k9mBC768=",
        "owner": "nix-systems",
        "repo": "default",
        "rev": "da67096a3b9bf56a91d16901293e51ba5b49a27e",
        "type": "github"
      },
      "original": {
        "owner": "nix-systems",
        "repo": "default",
        "type": "github"
      }
    },
    "systems_2": {
      "locked": {
        "lastModified": 1689347949,
        "narHash": "sha256-12tWmuL2zgBgZkdoB6qXZsgJEH9LR3oUgpaQq2RbI80=",
        "owner": "nix-systems",
        "repo": "default-linux",
        "rev": "31732fcf5e8fea42e59c2488ad31a0e651500f68",
        "type": "github"
      },
      "original": {
        "owner": "nix-systems",
        "repo": "default-linux",
        "type": "github"
      }
    },
    "systems_3": {
      "locked": {
        "lastModified": 1680978846,
        "narHash": "sha256-Gtqg8b/v49BFDpDetjclCYXm8mAnTrUzR0JnE2nv5aw=",
        "owner": "nix-systems",
        "repo": "x86_64-linux",
        "rev": "2ecfcac5e15790ba6ce360ceccddb15ad16d08a8",
        "type": "github"
      },
      "original": {
        "owner": "nix-systems",
        "repo": "x86_64-linux",
        "type": "github"
      }
    },
    "treefmt-nix": {
      "inputs": {
        "nixpkgs": [
          "nixpkgs"
        ]
      },
      "locked": {
        "lastModified": 1767122417,
        "narHash": "sha256-yOt/FTB7oSEKQH9EZMFMeuldK1HGpQs2eAzdS9hNS/o=",
        "owner": "numtide",
        "repo": "treefmt-nix",
        "rev": "dec15f37015ac2e774c84d0952d57fcdf169b54d",
        "type": "github"
      },
      "original": {
        "owner": "numtide",
        "repo": "treefmt-nix",
        "type": "github"
      }
    },
    "wivrn": {
      "inputs": {
        "flake-parts": [
          "flake-parts"
        ],
        "nixpkgs": [
          "nixpkgs-unfree"
        ]
      },
      "locked": {
        "lastModified": 1767304998,
        "narHash": "sha256-acsxbb3XKzpCkZUtkL3jfpk7qoBc7LU+VtQ7bA6JMCc=",
        "owner": "notpeelz",
        "repo": "WiVRn",
        "rev": "1e488a8a9c4be6fefae1fc63d9f23f65ebf53a06",
        "type": "github"
      },
      "original": {
        "owner": "notpeelz",
        "repo": "WiVRn",
        "rev": "1e488a8a9c4be6fefae1fc63d9f23f65ebf53a06",
        "type": "github"
      }
    },
    "wivrn-nixpkgs": {
      "locked": {
        "lastModified": 1758690382,
        "narHash": "sha256-NY3kSorgqE5LMm1LqNwGne3ZLMF2/ILgLpFr1fS4X3o=",
        "owner": "nixos",
        "repo": "nixpkgs",
        "rev": "e643668fd71b949c53f8626614b21ff71a07379d",
        "type": "github"
      },
      "original": {
        "owner": "nixos",
        "repo": "nixpkgs",
        "rev": "e643668fd71b949c53f8626614b21ff71a07379d",
        "type": "github"
      }
    }
  },
  "root": "root",
  "version": 7
}
