{
  "nodes": {
    "agenix": {
      "inputs": {
        "darwin": "darwin",
        "home-manager": [
          "home-manager"
        ],
        "nixpkgs": [
          "nixpkgs"
        ],
        "systems": [
          "systems"
        ]
      },
      "locked": {
        "lastModified": 1723293904,
        "narHash": "sha256-b+uqzj+Wa6xgMS9aNbX4I+sXeb5biPDi39VgvSFqFvU=",
        "owner": "ryantm",
        "repo": "agenix",
        "rev": "f6291c5935fdc4e0bef208cfc0dcab7e3f7a1c41",
        "type": "github"
      },
      "original": {
        "owner": "ryantm",
        "repo": "agenix",
        "type": "github"
      }
    },
    "aquamarine": {
      "inputs": {
        "hyprutils": [
          "hyprland",
          "hyprutils"
        ],
        "hyprwayland-scanner": [
          "hyprland",
          "hyprwayland-scanner"
        ],
        "nixpkgs": [
          "hyprland",
          "nixpkgs"
        ],
        "systems": [
          "hyprland",
          "systems"
        ]
      },
      "locked": {
        "lastModified": 1727261104,
        "narHash": "sha256-rxDI7WrxIRV9it9mDCHcLa7xQykf1JloXnoXr5xQ8zI=",
        "owner": "hyprwm",
        "repo": "aquamarine",
        "rev": "b82fdaff917582a9d568969e15e61b398c71e990",
        "type": "github"
      },
      "original": {
        "owner": "hyprwm",
        "repo": "aquamarine",
        "type": "github"
      }
    },
    "catppuccin": {
      "locked": {
        "lastModified": 1727910534,
        "narHash": "sha256-IjdGPDnBNk3r5h02kiPTKUOfn+UiKNWlhy/ozC0NgyQ=",
        "owner": "catppuccin",
        "repo": "nix",
        "rev": "bad96d3fabf8d2e8f0bf0c2cb899a9fccf01ea03",
        "type": "github"
      },
      "original": {
        "owner": "catppuccin",
        "repo": "nix",
        "type": "github"
      }
    },
    "darwin": {
      "inputs": {
        "nixpkgs": [
          "agenix",
          "nixpkgs"
        ]
      },
      "locked": {
        "lastModified": 1700795494,
        "narHash": "sha256-gzGLZSiOhf155FW7262kdHo2YDeugp3VuIFb4/GGng0=",
        "owner": "lnl7",
        "repo": "nix-darwin",
        "rev": "4b9b83d5a92e8c1fbfd8eb27eda375908c11ec4d",
        "type": "github"
      },
      "original": {
        "owner": "lnl7",
        "ref": "master",
        "repo": "nix-darwin",
        "type": "github"
      }
    },
    "disko": {
      "inputs": {
        "nixpkgs": [
          "nixpkgs"
        ]
      },
      "locked": {
        "lastModified": 1728109432,
        "narHash": "sha256-wmbErh8FG7dRKOtMMpHUqDtFjeqt9Zjx4zssSeTalwU=",
        "owner": "nix-community",
        "repo": "disko",
        "rev": "48ebb577855fb2398653f033b3b2208a9249203d",
        "type": "github"
      },
      "original": {
        "owner": "nix-community",
        "repo": "disko",
        "type": "github"
      }
    },
    "flake-compat": {
      "flake": false,
      "locked": {
        "lastModified": 1673956053,
        "narHash": "sha256-4gtG9iQuiKITOjNQQeQIpoIB6b16fm+504Ch3sNKLd8=",
        "owner": "edolstra",
        "repo": "flake-compat",
        "rev": "35bb57c0c8d8b62bbfd284272c928ceb64ddbde9",
        "type": "github"
      },
      "original": {
        "owner": "edolstra",
        "repo": "flake-compat",
        "type": "github"
      }
    },
    "flake-compat_2": {
      "flake": false,
      "locked": {
        "lastModified": 1696426674,
        "narHash": "sha256-kvjfFW7WAETZlt09AgDn1MrtKzP7t90Vf7vypd3OL1U=",
        "owner": "edolstra",
        "repo": "flake-compat",
        "rev": "0f9255e01c2351cc7d116c072cb317785dd33b33",
        "type": "github"
      },
      "original": {
        "owner": "edolstra",
        "repo": "flake-compat",
        "type": "github"
      }
    },
    "flake-parts": {
      "inputs": {
        "nixpkgs-lib": [
          "nixpkgs"
        ]
      },
      "locked": {
        "lastModified": 1727826117,
        "narHash": "sha256-K5ZLCyfO/Zj9mPFldf3iwS6oZStJcU4tSpiXTMYaaL0=",
        "owner": "hercules-ci",
        "repo": "flake-parts",
        "rev": "3d04084d54bedc3d6b8b736c70ef449225c361b1",
        "type": "github"
      },
      "original": {
        "owner": "hercules-ci",
        "repo": "flake-parts",
        "type": "github"
      }
    },
    "flake-utils": {
      "inputs": {
        "systems": "systems"
      },
      "locked": {
        "lastModified": 1681202837,
        "narHash": "sha256-H+Rh19JDwRtpVPAWp64F+rlEtxUWBAQW28eAi3SRSzg=",
        "owner": "numtide",
        "repo": "flake-utils",
        "rev": "cfacdce06f30d2b68473a46042957675eebb3401",
        "type": "github"
      },
      "original": {
        "owner": "numtide",
        "repo": "flake-utils",
        "type": "github"
      }
    },
    "flake-utils_2": {
      "inputs": {
        "systems": "systems_2"
      },
      "locked": {
        "lastModified": 1710146030,
        "narHash": "sha256-SZ5L6eA7HJ/nmkzGG7/ISclqe6oZdOZTNoesiInkXPQ=",
        "owner": "numtide",
        "repo": "flake-utils",
        "rev": "b1d9ab70662946ef0850d488da1c9019f3a9752a",
        "type": "github"
      },
      "original": {
        "owner": "numtide",
        "repo": "flake-utils",
        "type": "github"
      }
    },
    "home-manager": {
      "inputs": {
        "nixpkgs": [
          "nixpkgs"
        ]
      },
      "locked": {
        "lastModified": 1728306985,
        "narHash": "sha256-l/KpcWTv2SjxCnqFs5GYhvjeVYd40WQV4/F2+w9btd4=",
        "owner": "nix-community",
        "repo": "home-manager",
        "rev": "3ac39b2a8b7cbfc0f96628d8a84867c885bc988b",
        "type": "github"
      },
      "original": {
        "owner": "nix-community",
        "repo": "home-manager",
        "type": "github"
      }
    },
    "hyprcursor": {
      "inputs": {
        "hyprlang": [
          "hyprland",
          "hyprlang"
        ],
        "nixpkgs": [
          "hyprland",
          "nixpkgs"
        ],
        "systems": [
          "hyprland",
          "systems"
        ]
      },
      "locked": {
        "lastModified": 1727532803,
        "narHash": "sha256-ZaZ7h7PY8mQc4vtGmVqWLAq9CAO02gHMyNR5yY8zDmM=",
        "owner": "hyprwm",
        "repo": "hyprcursor",
        "rev": "b98726e431d4d3ed58bd58bee1047cdb81cec69f",
        "type": "github"
      },
      "original": {
        "owner": "hyprwm",
        "repo": "hyprcursor",
        "type": "github"
      }
    },
    "hyprland": {
      "inputs": {
        "aquamarine": "aquamarine",
        "hyprcursor": "hyprcursor",
        "hyprland-protocols": "hyprland-protocols",
        "hyprlang": "hyprlang",
        "hyprutils": "hyprutils",
        "hyprwayland-scanner": "hyprwayland-scanner",
        "nixpkgs": "nixpkgs",
        "systems": [
          "systems"
        ],
        "xdph": "xdph"
      },
      "locked": {
        "lastModified": 1728303775,
        "narHash": "sha256-+DykzTwUrLGOLHQdnWB1Wp0WIfBGhpqXoyTXdwIOoiY=",
        "ref": "refs/heads/main",
        "rev": "97444ed7a8a83406970fcc05907db1110435b59b",
        "revCount": 5302,
        "submodules": true,
        "type": "git",
        "url": "https://github.com/hyprwm/Hyprland"
      },
      "original": {
        "submodules": true,
        "type": "git",
        "url": "https://github.com/hyprwm/Hyprland"
      }
    },
    "hyprland-contrib": {
      "inputs": {
        "nixpkgs": [
          "hyprland",
          "nixpkgs"
        ]
      },
      "locked": {
        "lastModified": 1725551787,
        "narHash": "sha256-6LgsZHz8w3g4c9bRUwRAR+WIMwFGGf3P1VZQcKNRf2o=",
        "owner": "hyprwm",
        "repo": "contrib",
        "rev": "1e531dc49ad36c88b45bf836081a7a2c8927e072",
        "type": "github"
      },
      "original": {
        "owner": "hyprwm",
        "repo": "contrib",
        "type": "github"
      }
    },
    "hyprland-protocols": {
      "inputs": {
        "nixpkgs": [
          "hyprland",
          "nixpkgs"
        ],
        "systems": [
          "hyprland",
          "systems"
        ]
      },
      "locked": {
        "lastModified": 1727451107,
        "narHash": "sha256-qV9savtHwmZUa0eJE294WYJjKPGB2+bJhwByFShsVyo=",
        "owner": "hyprwm",
        "repo": "hyprland-protocols",
        "rev": "6b3261ee13a6d2b99de79a31d352f6996e35bde3",
        "type": "github"
      },
      "original": {
        "owner": "hyprwm",
        "repo": "hyprland-protocols",
        "type": "github"
      }
    },
    "hyprland-protocols_2": {
      "inputs": {
        "nixpkgs": [
          "hyprland",
          "xdph",
          "nixpkgs"
        ],
        "systems": [
          "hyprland",
          "xdph",
          "systems"
        ]
      },
      "locked": {
        "lastModified": 1721326555,
        "narHash": "sha256-zCu4R0CSHEactW9JqYki26gy8h9f6rHmSwj4XJmlHgg=",
        "owner": "hyprwm",
        "repo": "hyprland-protocols",
        "rev": "5a11232266bf1a1f5952d5b179c3f4b2facaaa84",
        "type": "github"
      },
      "original": {
        "owner": "hyprwm",
        "repo": "hyprland-protocols",
        "type": "github"
      }
    },
    "hyprlang": {
      "inputs": {
        "hyprutils": [
          "hyprland",
          "hyprutils"
        ],
        "nixpkgs": [
          "hyprland",
          "nixpkgs"
        ],
        "systems": [
          "hyprland",
          "systems"
        ]
      },
      "locked": {
        "lastModified": 1725997860,
        "narHash": "sha256-d/rZ/fHR5l1n7PeyLw0StWMNLXVU9c4HFyfskw568so=",
        "owner": "hyprwm",
        "repo": "hyprlang",
        "rev": "dfeb5811dd6485490cce18d6cc1e38a055eea876",
        "type": "github"
      },
      "original": {
        "owner": "hyprwm",
        "repo": "hyprlang",
        "type": "github"
      }
    },
    "hyprlock": {
      "inputs": {
        "hyprlang": [
          "hyprland",
          "hyprlang"
        ],
        "hyprutils": [
          "hyprland",
          "hyprutils"
        ],
        "nixpkgs": [
          "hyprland",
          "nixpkgs"
        ],
        "systems": [
          "hyprland",
          "systems"
        ]
      },
      "locked": {
        "lastModified": 1728135019,
        "narHash": "sha256-OCUyEfD9g5232OILgW+BpjFVPM8AHl2WM59yRabJvSE=",
        "owner": "hyprwm",
        "repo": "hyprlock",
        "rev": "eb63207ef051c62fa2ab010b3f89da263a397329",
        "type": "github"
      },
      "original": {
        "owner": "hyprwm",
        "repo": "hyprlock",
        "type": "github"
      }
    },
    "hyprpaper": {
      "inputs": {
        "hyprlang": [
          "hyprland",
          "hyprlang"
        ],
        "hyprutils": [
          "hyprland",
          "hyprutils"
        ],
        "hyprwayland-scanner": [
          "hyprland",
          "hyprwayland-scanner"
        ],
        "nixpkgs": [
          "hyprland",
          "nixpkgs"
        ],
        "systems": [
          "hyprland",
          "systems"
        ]
      },
      "locked": {
        "lastModified": 1725200438,
        "narHash": "sha256-3Cqu8jz19YyWqhneac6QFfadlyxZ4s3saSLmmpYMOe4=",
        "owner": "hyprwm",
        "repo": "hyprpaper",
        "rev": "1c18ad65032adb891b341292a1edf9e13adf4751",
        "type": "github"
      },
      "original": {
        "owner": "hyprwm",
        "repo": "hyprpaper",
        "type": "github"
      }
    },
    "hyprpicker": {
      "inputs": {
        "hyprutils": [
          "hyprland",
          "hyprutils"
        ],
        "hyprwayland-scanner": "hyprwayland-scanner_2",
        "nixpkgs": [
          "hyprland",
          "nixpkgs"
        ],
        "systems": [
          "hyprland",
          "systems"
        ]
      },
      "locked": {
        "lastModified": 1727732210,
        "narHash": "sha256-VNKakkdx1mjfO5MyGZbx8m87YKZ4B8cylU50R0J662g=",
        "owner": "hyprwm",
        "repo": "hyprpicker",
        "rev": "4411a6dc0dccdabad64213463fb94de520b52725",
        "type": "github"
      },
      "original": {
        "owner": "hyprwm",
        "repo": "hyprpicker",
        "type": "github"
      }
    },
    "hyprutils": {
      "inputs": {
        "nixpkgs": [
          "hyprland",
          "nixpkgs"
        ],
        "systems": [
          "hyprland",
          "systems"
        ]
      },
      "locked": {
        "lastModified": 1727300645,
        "narHash": "sha256-OvAtVLaSRPnbXzOwlR1fVqCXR7i+ICRX3aPMCdIiv+c=",
        "owner": "hyprwm",
        "repo": "hyprutils",
        "rev": "3f5293432b6dc6a99f26aca2eba3876d2660665c",
        "type": "github"
      },
      "original": {
        "owner": "hyprwm",
        "repo": "hyprutils",
        "type": "github"
      }
    },
    "hyprwayland-scanner": {
      "inputs": {
        "nixpkgs": [
          "hyprland",
          "nixpkgs"
        ],
        "systems": [
          "hyprland",
          "systems"
        ]
      },
      "locked": {
        "lastModified": 1726874836,
        "narHash": "sha256-VKR0sf0PSNCB0wPHVKSAn41mCNVCnegWmgkrneKDhHM=",
        "owner": "hyprwm",
        "repo": "hyprwayland-scanner",
        "rev": "500c81a9e1a76760371049a8d99e008ea77aa59e",
        "type": "github"
      },
      "original": {
        "owner": "hyprwm",
        "repo": "hyprwayland-scanner",
        "type": "github"
      }
    },
    "hyprwayland-scanner_2": {
      "inputs": {
        "nixpkgs": [
          "hyprpicker",
          "nixpkgs"
        ],
        "systems": [
          "hyprpicker",
          "systems"
        ]
      },
      "locked": {
        "lastModified": 1726874836,
        "narHash": "sha256-VKR0sf0PSNCB0wPHVKSAn41mCNVCnegWmgkrneKDhHM=",
        "owner": "hyprwm",
        "repo": "hyprwayland-scanner",
        "rev": "500c81a9e1a76760371049a8d99e008ea77aa59e",
        "type": "github"
      },
      "original": {
        "owner": "hyprwm",
        "repo": "hyprwayland-scanner",
        "type": "github"
      }
    },
    "impermanence": {
      "locked": {
        "lastModified": 1727649413,
        "narHash": "sha256-FA53of86DjFdeQzRDVtvgWF9o52rWK70VHGx0Y8fElQ=",
        "owner": "nix-community",
        "repo": "impermanence",
        "rev": "d0b38e550039a72aff896ee65b0918e975e6d48e",
        "type": "github"
      },
      "original": {
        "owner": "nix-community",
        "repo": "impermanence",
        "type": "github"
      }
    },
    "nix-index-database": {
      "inputs": {
        "nixpkgs": [
          "nixpkgs"
        ]
      },
      "locked": {
        "lastModified": 1728263287,
        "narHash": "sha256-GJDtsxz2/zw6g/Nrp4XVWBS5IaZ7ZUkuvxPOBEDe7pg=",
        "owner": "nix-community",
        "repo": "nix-index-database",
        "rev": "5fce10c871bab6d7d5ac9e5e7efbb3a2783f5259",
        "type": "github"
      },
      "original": {
        "owner": "nix-community",
        "repo": "nix-index-database",
        "type": "github"
      }
    },
    "nix-minecraft": {
      "inputs": {
        "flake-compat": "flake-compat",
        "flake-utils": "flake-utils",
        "nixpkgs": [
          "nixpkgs"
        ]
      },
      "locked": {
        "lastModified": 1728006367,
        "narHash": "sha256-Bdf5twzinaacnn1JBogvxq0S8Ytm+25mWD2cfJ7fvpo=",
        "owner": "Infinidoge",
        "repo": "nix-minecraft",
        "rev": "a3a7888df1b87bdababfd9f0b00b574ee4c2e204",
        "type": "github"
      },
      "original": {
        "owner": "Infinidoge",
        "repo": "nix-minecraft",
        "type": "github"
      }
    },
    "nix-vscode-extensions": {
      "inputs": {
        "flake-compat": "flake-compat_2",
        "flake-utils": "flake-utils_2",
        "nixpkgs": [
          "nixpkgs"
        ]
      },
      "locked": {
        "lastModified": 1728179514,
        "narHash": "sha256-mOGZFPYm9SuEXnYiXhgs/JmLu7RofRaMpAYyJiWudkc=",
        "owner": "nix-community",
        "repo": "nix-vscode-extensions",
        "rev": "018196c371073d669510fd69dd2f6dc0ec608c41",
        "type": "github"
      },
      "original": {
        "owner": "nix-community",
        "repo": "nix-vscode-extensions",
        "type": "github"
      }
    },
    "nixos-hardware": {
      "locked": {
        "lastModified": 1728269138,
        "narHash": "sha256-oKxDImsOvgUZMY4NwXVyUc/c1HiU2qInX+b5BU0yXls=",
        "owner": "nixos",
        "repo": "nixos-hardware",
        "rev": "ecfcd787f373f43307d764762e139a7cdeb9c22b",
        "type": "github"
      },
      "original": {
        "owner": "nixos",
        "repo": "nixos-hardware",
        "type": "github"
      }
    },
    "nixpkgs": {
      "locked": {
        "lastModified": 1727348695,
        "narHash": "sha256-J+PeFKSDV+pHL7ukkfpVzCOO7mBSrrpJ3svwBFABbhI=",
        "owner": "NixOS",
        "repo": "nixpkgs",
        "rev": "1925c603f17fc89f4c8f6bf6f631a802ad85d784",
        "type": "github"
      },
      "original": {
        "owner": "NixOS",
        "ref": "nixos-unstable",
        "repo": "nixpkgs",
        "type": "github"
      }
    },
    "nixpkgs_2": {
      "locked": {
        "lastModified": 1728018373,
        "narHash": "sha256-NOiTvBbRLIOe5F6RbHaAh6++BNjsb149fGZd1T4+KBg=",
        "owner": "nixos",
        "repo": "nixpkgs",
        "rev": "bc947f541ae55e999ffdb4013441347d83b00feb",
        "type": "github"
      },
      "original": {
        "owner": "nixos",
        "ref": "nixos-unstable",
        "repo": "nixpkgs",
        "type": "github"
      }
    },
    "root": {
      "inputs": {
        "agenix": "agenix",
        "catppuccin": "catppuccin",
        "disko": "disko",
        "flake-parts": "flake-parts",
        "home-manager": "home-manager",
        "hyprland": "hyprland",
        "hyprland-contrib": "hyprland-contrib",
        "hyprlock": "hyprlock",
        "hyprpaper": "hyprpaper",
        "hyprpicker": "hyprpicker",
        "impermanence": "impermanence",
        "nix-index-database": "nix-index-database",
        "nix-minecraft": "nix-minecraft",
        "nix-vscode-extensions": "nix-vscode-extensions",
        "nixos-hardware": "nixos-hardware",
        "nixpkgs": "nixpkgs_2",
        "systems": "systems_3",
        "zen-browser": "zen-browser"
      }
    },
    "systems": {
      "locked": {
        "lastModified": 1681028828,
        "narHash": "sha256-Vy1rq5AaRuLzOxct8nz4T6wlgyUR7zLU309k9mBC768=",
        "owner": "nix-systems",
        "repo": "default",
        "rev": "da67096a3b9bf56a91d16901293e51ba5b49a27e",
        "type": "github"
      },
      "original": {
        "owner": "nix-systems",
        "repo": "default",
        "type": "github"
      }
    },
    "systems_2": {
      "locked": {
        "lastModified": 1681028828,
        "narHash": "sha256-Vy1rq5AaRuLzOxct8nz4T6wlgyUR7zLU309k9mBC768=",
        "owner": "nix-systems",
        "repo": "default",
        "rev": "da67096a3b9bf56a91d16901293e51ba5b49a27e",
        "type": "github"
      },
      "original": {
        "owner": "nix-systems",
        "repo": "default",
        "type": "github"
      }
    },
    "systems_3": {
      "locked": {
        "lastModified": 1689347949,
        "narHash": "sha256-12tWmuL2zgBgZkdoB6qXZsgJEH9LR3oUgpaQq2RbI80=",
        "owner": "nix-systems",
        "repo": "default-linux",
        "rev": "31732fcf5e8fea42e59c2488ad31a0e651500f68",
        "type": "github"
      },
      "original": {
        "owner": "nix-systems",
        "repo": "default-linux",
        "type": "github"
      }
    },
    "xdph": {
      "inputs": {
        "hyprland-protocols": "hyprland-protocols_2",
        "hyprlang": [
          "hyprland",
          "hyprlang"
        ],
        "hyprutils": [
          "hyprland",
          "hyprutils"
        ],
        "hyprwayland-scanner": [
          "hyprland",
          "hyprwayland-scanner"
        ],
        "nixpkgs": [
          "hyprland",
          "nixpkgs"
        ],
        "systems": [
          "hyprland",
          "systems"
        ]
      },
      "locked": {
        "lastModified": 1727524473,
        "narHash": "sha256-1DGktDtSWIJpnDbVoj/qpvJSH5zg6JbOfuh6xqZMap0=",
        "owner": "hyprwm",
        "repo": "xdg-desktop-portal-hyprland",
        "rev": "7e500e679ede40e79cf2d89b5f5fa3e34923bd26",
        "type": "github"
      },
      "original": {
        "owner": "hyprwm",
        "repo": "xdg-desktop-portal-hyprland",
        "type": "github"
      }
    },
    "zen-browser": {
      "inputs": {
        "nixpkgs": [
          "nixpkgs"
        ]
      },
      "locked": {
        "lastModified": 1727727983,
        "narHash": "sha256-zWOQBzmVeC2YF6R/V+GjhEjdOKW+qaHO0em5CfhjBbw=",
        "owner": "fufexan",
        "repo": "zen-browser-flake",
        "rev": "5ea9183acb736b9a606a1f33505d20a6f14dc5cf",
        "type": "github"
      },
      "original": {
        "owner": "fufexan",
        "repo": "zen-browser-flake",
        "rev": "5ea9183acb736b9a606a1f33505d20a6f14dc5cf",
        "type": "github"
      }
    }
  },
  "root": "root",
  "version": 7
}
